
Microsoft Visual Studio Solution File, Format Version 12.00
# Visual Studio Version 16
VisualStudioVersion = 16.0.31019.35
MinimumVisualStudioVersion = 10.0.40219.1
Project("{FAE04EC0-301F-11D3-BF4B-00C04F79EFBC}") = "OOP.Task1", "OOP.Task1\OOP.Task1.csproj", "{EC9AC0C0-9ADA-4BCA-B149-07F7D2B0D22D}"
EndProject
Global
	GlobalSection(SolutionConfigurationPlatforms) = preSolution
		Debug|Any CPU = Debug|Any CPU
		Release|Any CPU = Release|Any CPU
	EndGlobalSection
	GlobalSection(ProjectConfigurationPlatforms) = postSolution
		{EC9AC0C0-9ADA-4BCA-B149-07F7D2B0D22D}.Debug|Any CPU.ActiveCfg = Debug|Any CPU
		{EC9AC0C0-9ADA-4BCA-B149-07F7D2B0D22D}.Debug|Any CPU.Build.0 = Debug|Any CPU
		{EC9AC0C0-9ADA-4BCA-B149-07F7D2B0D22D}.Release|Any CPU.ActiveCfg = Release|Any CPU
		{EC9AC0C0-9ADA-4BCA-B149-07F7D2B0D22D}.Release|Any CPU.Build.0 = Release|Any CPU
	EndGlobalSection
	GlobalSection(SolutionProperties) = preSolution
		HideSolutionNode = FALSE
	EndGlobalSection
	GlobalSection(ExtensibilityGlobals) = postSolution
		SolutionGuid = {B6C29767-FC1C-4F21-A26C-1C2795394972}
	EndGlobalSection
EndGlobal
