
Microsoft Visual Studio Solution File, Format Version 12.00
# Visual Studio Version 16
VisualStudioVersion = 16.0.31105.61
MinimumVisualStudioVersion = 10.0.40219.1
Project("{FAE04EC0-301F-11D3-BF4B-00C04F79EFBC}") = "OOP.Task1-2", "OOP.Task1-2\OOP.Task1-2.csproj", "{3E5AC777-5571-4BE7-BD19-BEFB5C3396F4}"
EndProject
Global
	GlobalSection(SolutionConfigurationPlatforms) = preSolution
		Debug|Any CPU = Debug|Any CPU
		Release|Any CPU = Release|Any CPU
	EndGlobalSection
	GlobalSection(ProjectConfigurationPlatforms) = postSolution
		{3E5AC777-5571-4BE7-BD19-BEFB5C3396F4}.Debug|Any CPU.ActiveCfg = Debug|Any CPU
		{3E5AC777-5571-4BE7-BD19-BEFB5C3396F4}.Debug|Any CPU.Build.0 = Debug|Any CPU
		{3E5AC777-5571-4BE7-BD19-BEFB5C3396F4}.Release|Any CPU.ActiveCfg = Release|Any CPU
		{3E5AC777-5571-4BE7-BD19-BEFB5C3396F4}.Release|Any CPU.Build.0 = Release|Any CPU
	EndGlobalSection
	GlobalSection(SolutionProperties) = preSolution
		HideSolutionNode = FALSE
	EndGlobalSection
	GlobalSection(ExtensibilityGlobals) = postSolution
		SolutionGuid = {A7FF4B35-8802-4A8E-84CE-890A8EDA482B}
	EndGlobalSection
EndGlobal
